
Microsoft Visual Studio Solution File, Format Version 12.00
# Visual Studio Version 17
VisualStudioVersion = 17.5.33627.172
MinimumVisualStudioVersion = 10.0.40219.1
Project("{FAE04EC0-301F-11D3-BF4B-00C04F79EFBC}") = "StylesAsResources", "StylesAsResources.csproj", "{F858F5D4-3946-44C7-B0D2-CE38CC003023}"
EndProject
Global
	GlobalSection(SolutionConfigurationPlatforms) = preSolution
		Debug|Any CPU = Debug|Any CPU
		Release|Any CPU = Release|Any CPU
	EndGlobalSection
	GlobalSection(ProjectConfigurationPlatforms) = postSolution
		{F858F5D4-3946-44C7-B0D2-CE38CC003023}.Debug|Any CPU.ActiveCfg = Debug|Any CPU
		{F858F5D4-3946-44C7-B0D2-CE38CC003023}.Debug|Any CPU.Build.0 = Debug|Any CPU
		{F858F5D4-3946-44C7-B0D2-CE38CC003023}.Release|Any CPU.ActiveCfg = Release|Any CPU
		{F858F5D4-3946-44C7-B0D2-CE38CC003023}.Release|Any CPU.Build.0 = Release|Any CPU
	EndGlobalSection
	GlobalSection(SolutionProperties) = preSolution
		HideSolutionNode = FALSE
	EndGlobalSection
	GlobalSection(ExtensibilityGlobals) = postSolution
		SolutionGuid = {1E814119-5EBE-48E9-9C14-E4019FD13234}
	EndGlobalSection
EndGlobal
